
Microsoft Visual Studio Solution File, Format Version 11.00
# Visual Studio 2010
Project("{FAE04EC0-301F-11D3-BF4B-00C04F79EFBC}") = "StarterKit", "StarterKit\StarterKit.csproj", "{797E39C9-66B5-435B-87B8-DD3F65B96277}"
EndProject
Global
	GlobalSection(SolutionConfigurationPlatforms) = preSolution
		Debug|Any CPU = Debug|Any CPU
		Release|Any CPU = Release|Any CPU
	EndGlobalSection
	GlobalSection(ProjectConfigurationPlatforms) = postSolution
		{797E39C9-66B5-435B-87B8-DD3F65B96277}.Debug|Any CPU.ActiveCfg = Debug|Any CPU
		{797E39C9-66B5-435B-87B8-DD3F65B96277}.Debug|Any CPU.Build.0 = Debug|Any CPU
		{797E39C9-66B5-435B-87B8-DD3F65B96277}.Release|Any CPU.ActiveCfg = Release|Any CPU
		{797E39C9-66B5-435B-87B8-DD3F65B96277}.Release|Any CPU.Build.0 = Release|Any CPU
	EndGlobalSection
	GlobalSection(SolutionProperties) = preSolution
		HideSolutionNode = FALSE
	EndGlobalSection
EndGlobal
